<?xml version="1.0" encoding="UTF-8" standalone="yes" ?>
<CodeBlocks_project_file>
	<FileVersion major="1" minor="4" />
	<Project>
		<Option title="SDL_Config" />
		<Option makefile_is_custom="1" />
		<Option pch_mode="2" />
		<Option default_target="-1" />
		<Option compiler="gcc" />
		<Build>
			<Target title="default">
				<Option output="..\bin\libSDL_Config.a" />
				<Option working_dir="" />
				<Option object_output="..\bin\obj" />
				<Option type="2" />
				<Option compiler="gcc" />
				<Option createDefFile="1" />
				<Compiler>
					<Add option="-mwindows" />
				</Compiler>
				<Linker>
					<Add option="-mwindows" />
				</Linker>
				<MakeCommands>
					<Build command="$make -f $makefile all" />
					<CompileFile command="$make -f $makefile $file" />
					<Clean command="$make -f $makefile clean" />
					<DistClean command="$make -f $makefile distclean$target" />
				</MakeCommands>
			</Target>
		</Build>
		<Compiler>
			<Add option="-ansi -mwindows" />
		</Compiler>
		<Linker>
			<Add option="-mwindows" />
		</Linker>
		<Unit filename="SDL_config.c">
			<Option compilerVar="CPP" />
			<Option target="default" />
		</Unit>
		<Unit filename="SDL_config_cfg.h">
			<Option compilerVar="CPP" />
			<Option compile="0" />
			<Option link="0" />
			<Option target="default" />
		</Unit>
		<Unit filename="SDL_config_lib.h">
			<Option compilerVar="CPP" />
			<Option compile="0" />
			<Option link="0" />
			<Option target="default" />
		</Unit>
		<Unit filename="SDL_config_types.h">
			<Option compilerVar="CPP" />
			<Option compile="0" />
			<Option link="0" />
			<Option target="default" />
		</Unit>
		<Extensions />
	</Project>
</CodeBlocks_project_file>